# Generated by buf. DO NOT EDIT.
version: v1
deps:
  - remote: buf.build
    owner: googleapis
    repository: googleapis
    branch: main
    commit: 3cfdccc690744792bb6e358cc8e17410
    digest: b1-Y2D25oxp4vWfw-YDISdUbp33ZLxvm121DNIVYG2TODQ=
    create_time: 2021-09-28T15:12:03.642721Z
  - remote: buf.build
    owner: grpc-ecosystem
    repository: grpc-gateway
    branch: main
    commit: de24a84aed3d4d84806740946b55d947
    digest: b1-Q-mEW3P3NR5UL8gm0pr3YWFSo5DAtrBqqgvkwH2WFWw=
    create_time: 2021-09-08T00:32:28.231758Z
