# Generated by buf. DO NOT EDIT.
version: v1
deps:
  - remote: buf.build
    owner: beta
    repository: protoc-gen-validate
    branch: main
    commit: 82388a0a0cb04e98a203f95dfed5e84b
    digest: b1-lYgUMN58PxyCwvfQoopp40AJ-oHHjWXAzksF7v9U-U4=
    create_time: 2021-06-21T22:00:30.152545Z
  - remote: buf.build
    owner: googleapis
    repository: googleapis
    branch: main
    commit: a259d77ac8334c0dbe30fd122c819014
    digest: b1-EOww5INb05Dzlet4C7DUZVzJ7AD6GEGqBe9VihAX270=
    create_time: 2021-10-02T15:06:01.364403Z
  - remote: buf.build
    owner: grpc-ecosystem
    repository: grpc-gateway
    branch: main
    commit: de24a84aed3d4d84806740946b55d947
    digest: b1-Q-mEW3P3NR5UL8gm0pr3YWFSo5DAtrBqqgvkwH2WFWw=
    create_time: 2021-09-08T00:32:28.231758Z
